
Microsoft Visual Studio Solution File, Format Version 12.00
# Visual Studio Version 17
VisualStudioVersion = 17.0.31903.59
MinimumVisualStudioVersion = 10.0.40219.1
Project("{2150E333-8FDC-42A3-9474-1A3956D46DE8}") = "src", "src", "{86C83E49-5134-4856-B6D1-D00BA09BDB86}"
EndProject
Project("{FAE04EC0-301F-11D3-BF4B-00C04F79EFBC}") = "WAMinmal.API", "src\WAMinmal.API\WAMinmal.API.csproj", "{2206FD3F-1962-4935-8B93-4EBE7F1625E0}"
EndProject
Project("{FAE04EC0-301F-11D3-BF4B-00C04F79EFBC}") = "WAMinmal.Application", "src\WAMinmal.Application\WAMinmal.Application.csproj", "{37FA5E40-3B4C-4E33-86F6-3F885A2A0131}"
EndProject
Project("{FAE04EC0-301F-11D3-BF4B-00C04F79EFBC}") = "WAMinmal.Domain", "src\WAMinmal.Domain\WAMinmal.Domain.csproj", "{49D9C089-0C7A-4840-9078-3631DE96B3E1}"
EndProject
Project("{FAE04EC0-301F-11D3-BF4B-00C04F79EFBC}") = "WAMinmal.Infrastructure", "src\WAMinmal.Infrastructure\WAMinmal.Infrastructure.csproj", "{EE30A632-99C2-4A4F-AC78-681FFE75C05A}"
EndProject
Project("{FAE04EC0-301F-11D3-BF4B-00C04F79EFBC}") = "WAMinmal.Shared", "src\WAMinmal.Shared\WAMinmal.Shared.csproj", "{E80728BE-2C3A-4E25-812E-3249075487C2}"
EndProject
Global
	GlobalSection(SolutionConfigurationPlatforms) = preSolution
		Debug|Any CPU = Debug|Any CPU
		Release|Any CPU = Release|Any CPU
	EndGlobalSection
	GlobalSection(SolutionProperties) = preSolution
		HideSolutionNode = FALSE
	EndGlobalSection
	GlobalSection(ProjectConfigurationPlatforms) = postSolution
		{2206FD3F-1962-4935-8B93-4EBE7F1625E0}.Debug|Any CPU.ActiveCfg = Debug|Any CPU
		{2206FD3F-1962-4935-8B93-4EBE7F1625E0}.Debug|Any CPU.Build.0 = Debug|Any CPU
		{2206FD3F-1962-4935-8B93-4EBE7F1625E0}.Release|Any CPU.ActiveCfg = Release|Any CPU
		{2206FD3F-1962-4935-8B93-4EBE7F1625E0}.Release|Any CPU.Build.0 = Release|Any CPU
		{37FA5E40-3B4C-4E33-86F6-3F885A2A0131}.Debug|Any CPU.ActiveCfg = Debug|Any CPU
		{37FA5E40-3B4C-4E33-86F6-3F885A2A0131}.Debug|Any CPU.Build.0 = Debug|Any CPU
		{37FA5E40-3B4C-4E33-86F6-3F885A2A0131}.Release|Any CPU.ActiveCfg = Release|Any CPU
		{37FA5E40-3B4C-4E33-86F6-3F885A2A0131}.Release|Any CPU.Build.0 = Release|Any CPU
		{49D9C089-0C7A-4840-9078-3631DE96B3E1}.Debug|Any CPU.ActiveCfg = Debug|Any CPU
		{49D9C089-0C7A-4840-9078-3631DE96B3E1}.Debug|Any CPU.Build.0 = Debug|Any CPU
		{49D9C089-0C7A-4840-9078-3631DE96B3E1}.Release|Any CPU.ActiveCfg = Release|Any CPU
		{49D9C089-0C7A-4840-9078-3631DE96B3E1}.Release|Any CPU.Build.0 = Release|Any CPU
		{EE30A632-99C2-4A4F-AC78-681FFE75C05A}.Debug|Any CPU.ActiveCfg = Debug|Any CPU
		{EE30A632-99C2-4A4F-AC78-681FFE75C05A}.Debug|Any CPU.Build.0 = Debug|Any CPU
		{EE30A632-99C2-4A4F-AC78-681FFE75C05A}.Release|Any CPU.ActiveCfg = Release|Any CPU
		{EE30A632-99C2-4A4F-AC78-681FFE75C05A}.Release|Any CPU.Build.0 = Release|Any CPU
		{E80728BE-2C3A-4E25-812E-3249075487C2}.Debug|Any CPU.ActiveCfg = Debug|Any CPU
		{E80728BE-2C3A-4E25-812E-3249075487C2}.Debug|Any CPU.Build.0 = Debug|Any CPU
		{E80728BE-2C3A-4E25-812E-3249075487C2}.Release|Any CPU.ActiveCfg = Release|Any CPU
		{E80728BE-2C3A-4E25-812E-3249075487C2}.Release|Any CPU.Build.0 = Release|Any CPU
	EndGlobalSection
	GlobalSection(NestedProjects) = preSolution
		{2206FD3F-1962-4935-8B93-4EBE7F1625E0} = {86C83E49-5134-4856-B6D1-D00BA09BDB86}
		{37FA5E40-3B4C-4E33-86F6-3F885A2A0131} = {86C83E49-5134-4856-B6D1-D00BA09BDB86}
		{49D9C089-0C7A-4840-9078-3631DE96B3E1} = {86C83E49-5134-4856-B6D1-D00BA09BDB86}
		{EE30A632-99C2-4A4F-AC78-681FFE75C05A} = {86C83E49-5134-4856-B6D1-D00BA09BDB86}
		{E80728BE-2C3A-4E25-812E-3249075487C2} = {86C83E49-5134-4856-B6D1-D00BA09BDB86}
	EndGlobalSection
EndGlobal
